
Microsoft Visual Studio Solution File, Format Version 12.00
# Visual Studio Version 16
VisualStudioVersion = 16.0.29519.87
MinimumVisualStudioVersion = 10.0.40219.1
Project("{9A19103F-16F7-4668-BE54-9A1E7A4F7556}") = "Echo.Ecommerce.Host", "Echo.Ecommerce.Host\Echo.Ecommerce.Host.csproj", "{88E21257-A11B-430E-9B57-1F44AB5303BE}"
EndProject
Project("{9A19103F-16F7-4668-BE54-9A1E7A4F7556}") = "Echo.Ecommerce.Test", "Echo.Ecommerce.Test\Echo.Ecommerce.Test.csproj", "{F8E132B6-AA68-48D7-8EB2-73FD174E9937}"
EndProject
Global
	GlobalSection(SolutionConfigurationPlatforms) = preSolution
		Debug|Any CPU = Debug|Any CPU
		Release|Any CPU = Release|Any CPU
	EndGlobalSection
	GlobalSection(ProjectConfigurationPlatforms) = postSolution
		{88E21257-A11B-430E-9B57-1F44AB5303BE}.Debug|Any CPU.ActiveCfg = Debug|Any CPU
		{88E21257-A11B-430E-9B57-1F44AB5303BE}.Debug|Any CPU.Build.0 = Debug|Any CPU
		{88E21257-A11B-430E-9B57-1F44AB5303BE}.Release|Any CPU.ActiveCfg = Release|Any CPU
		{88E21257-A11B-430E-9B57-1F44AB5303BE}.Release|Any CPU.Build.0 = Release|Any CPU
		{F8E132B6-AA68-48D7-8EB2-73FD174E9937}.Debug|Any CPU.ActiveCfg = Debug|Any CPU
		{F8E132B6-AA68-48D7-8EB2-73FD174E9937}.Debug|Any CPU.Build.0 = Debug|Any CPU
		{F8E132B6-AA68-48D7-8EB2-73FD174E9937}.Release|Any CPU.ActiveCfg = Release|Any CPU
		{F8E132B6-AA68-48D7-8EB2-73FD174E9937}.Release|Any CPU.Build.0 = Release|Any CPU
	EndGlobalSection
	GlobalSection(SolutionProperties) = preSolution
		HideSolutionNode = FALSE
	EndGlobalSection
	GlobalSection(ExtensibilityGlobals) = postSolution
		SolutionGuid = {BEDA8D3B-A0A0-4303-A906-8EB7FB916708}
	EndGlobalSection
EndGlobal
